// !$*UTF8*$!
{
	archiveVersion = 1;
	classes = {
	};
	objectVersion = 56;
	objects = {

/* Begin PBXBuildFile section */
		BB8851E12986B39900ED1ED4 /* AppDelegate.swift in Sources */ = {isa = PBXBuildFile; fileRef = BB8851E02986B39900ED1ED4 /* AppDelegate.swift */; };
		BB8851EA2986B39B00ED1ED4 /* Assets.xcassets in Resources */ = {isa = PBXBuildFile; fileRef = BB8851E92986B39B00ED1ED4 /* Assets.xcassets */; };
		BB8851ED2986B39B00ED1ED4 /* LaunchScreen.storyboard in Resources */ = {isa = PBXBuildFile; fileRef = BB8851EB2986B39B00ED1ED4 /* LaunchScreen.storyboard */; };
		BB8851F72986B55200ED1ED4 /* MainViewController.swift in Sources */ = {isa = PBXBuildFile; fileRef = BB8851F52986B55200ED1ED4 /* MainViewController.swift */; };
		BB8851F82986B55200ED1ED4 /* MainViewController.xib in Resources */ = {isa = PBXBuildFile; fileRef = BB8851F62986B55200ED1ED4 /* MainViewController.xib */; };
		BB8852022986BF6000ED1ED4 /* MainViewModel.swift in Sources */ = {isa = PBXBuildFile; fileRef = BB8852012986BF6000ED1ED4 /* MainViewModel.swift */; };
		BB8852042986BFBF00ED1ED4 /* MainViewController+TableView.swift in Sources */ = {isa = PBXBuildFile; fileRef = BB8852032986BFBF00ED1ED4 /* MainViewController+TableView.swift */; };
		BB8852062986C82E00ED1ED4 /* NetworkConstant.swift in Sources */ = {isa = PBXBuildFile; fileRef = BB8852052986C82E00ED1ED4 /* NetworkConstant.swift */; };
		BB8852082986CD1C00ED1ED4 /* APICaller.swift in Sources */ = {isa = PBXBuildFile; fileRef = BB8852072986CD1C00ED1ED4 /* APICaller.swift */; };
		BB88520A2986CD5D00ED1ED4 /* TrendingMoviesModel.swift in Sources */ = {isa = PBXBuildFile; fileRef = BB8852092986CD5D00ED1ED4 /* TrendingMoviesModel.swift */; };
		BB88520C2986EFDC00ED1ED4 /* Observable.swift in Sources */ = {isa = PBXBuildFile; fileRef = BB88520B2986EFDC00ED1ED4 /* Observable.swift */; };
/* End PBXBuildFile section */

/* Begin PBXFileReference section */
		BB8851DD2986B39900ED1ED4 /* MovieMVVM.app */ = {isa = PBXFileReference; explicitFileType = wrapper.application; includeInIndex = 0; path = MovieMVVM.app; sourceTree = BUILT_PRODUCTS_DIR; };
		BB8851E02986B39900ED1ED4 /* AppDelegate.swift */ = {isa = PBXFileReference; lastKnownFileType = sourcecode.swift; path = AppDelegate.swift; sourceTree = "<group>"; };
		BB8851E92986B39B00ED1ED4 /* Assets.xcassets */ = {isa = PBXFileReference; lastKnownFileType = folder.assetcatalog; path = Assets.xcassets; sourceTree = "<group>"; };
		BB8851EC2986B39B00ED1ED4 /* Base */ = {isa = PBXFileReference; lastKnownFileType = file.storyboard; name = Base; path = Base.lproj/LaunchScreen.storyboard; sourceTree = "<group>"; };
		BB8851EE2986B39B00ED1ED4 /* Info.plist */ = {isa = PBXFileReference; lastKnownFileType = text.plist.xml; path = Info.plist; sourceTree = "<group>"; };
		BB8851F52986B55200ED1ED4 /* MainViewController.swift */ = {isa = PBXFileReference; lastKnownFileType = sourcecode.swift; path = MainViewController.swift; sourceTree = "<group>"; };
		BB8851F62986B55200ED1ED4 /* MainViewController.xib */ = {isa = PBXFileReference; lastKnownFileType = file.xib; path = MainViewController.xib; sourceTree = "<group>"; };
		BB8852012986BF6000ED1ED4 /* MainViewModel.swift */ = {isa = PBXFileReference; lastKnownFileType = sourcecode.swift; path = MainViewModel.swift; sourceTree = "<group>"; };
		BB8852032986BFBF00ED1ED4 /* MainViewController+TableView.swift */ = {isa = PBXFileReference; lastKnownFileType = sourcecode.swift; path = "MainViewController+TableView.swift"; sourceTree = "<group>"; };
		BB8852052986C82E00ED1ED4 /* NetworkConstant.swift */ = {isa = PBXFileReference; lastKnownFileType = sourcecode.swift; path = NetworkConstant.swift; sourceTree = "<group>"; };
		BB8852072986CD1C00ED1ED4 /* APICaller.swift */ = {isa = PBXFileReference; lastKnownFileType = sourcecode.swift; path = APICaller.swift; sourceTree = "<group>"; };
		BB8852092986CD5D00ED1ED4 /* TrendingMoviesModel.swift */ = {isa = PBXFileReference; lastKnownFileType = sourcecode.swift; path = TrendingMoviesModel.swift; sourceTree = "<group>"; };
		BB88520B2986EFDC00ED1ED4 /* Observable.swift */ = {isa = PBXFileReference; lastKnownFileType = sourcecode.swift; path = Observable.swift; sourceTree = "<group>"; };
/* End PBXFileReference section */

/* Begin PBXFrameworksBuildPhase section */
		BB8851DA2986B39900ED1ED4 /* Frameworks */ = {
			isa = PBXFrameworksBuildPhase;
			buildActionMask = 2147483647;
			files = (
			);
			runOnlyForDeploymentPostprocessing = 0;
		};
/* End PBXFrameworksBuildPhase section */

/* Begin PBXGroup section */
		BB8851D42986B39900ED1ED4 = {
			isa = PBXGroup;
			children = (
				BB8851DF2986B39900ED1ED4 /* MovieMVVM */,
				BB8851DE2986B39900ED1ED4 /* Products */,
			);
			sourceTree = "<group>";
		};
		BB8851DE2986B39900ED1ED4 /* Products */ = {
			isa = PBXGroup;
			children = (
				BB8851DD2986B39900ED1ED4 /* MovieMVVM.app */,
			);
			name = Products;
			sourceTree = "<group>";
		};
		BB8851DF2986B39900ED1ED4 /* MovieMVVM */ = {
			isa = PBXGroup;
			children = (
				BB8852002986B9A600ED1ED4 /* Networking */,
				BB8851FF2986B99F00ED1ED4 /* Extensions */,
				BB8851FE2986B99700ED1ED4 /* Resources */,
				BB8851FD2986B98E00ED1ED4 /* Classes */,
				BB8851FC2986B98500ED1ED4 /* Model */,
				BB8851FB2986B97F00ED1ED4 /* Controllers */,
				BB8851FA2986B97300ED1ED4 /* ViewModel */,
				BB8851F92986B96C00ED1ED4 /* View */,
				BB8851E02986B39900ED1ED4 /* AppDelegate.swift */,
				BB8851EE2986B39B00ED1ED4 /* Info.plist */,
			);
			path = MovieMVVM;
			sourceTree = "<group>";
		};
		BB8851F42986B53700ED1ED4 /* MainViewController */ = {
			isa = PBXGroup;
			children = (
				BB8851F52986B55200ED1ED4 /* MainViewController.swift */,
				BB8851F62986B55200ED1ED4 /* MainViewController.xib */,
				BB8852032986BFBF00ED1ED4 /* MainViewController+TableView.swift */,
			);
			path = MainViewController;
			sourceTree = "<group>";
		};
		BB8851F92986B96C00ED1ED4 /* View */ = {
			isa = PBXGroup;
			children = (
				BB8851EB2986B39B00ED1ED4 /* LaunchScreen.storyboard */,
			);
			path = View;
			sourceTree = "<group>";
		};
		BB8851FA2986B97300ED1ED4 /* ViewModel */ = {
			isa = PBXGroup;
			children = (
				BB8852012986BF6000ED1ED4 /* MainViewModel.swift */,
			);
			path = ViewModel;
			sourceTree = "<group>";
		};
		BB8851FB2986B97F00ED1ED4 /* Controllers */ = {
			isa = PBXGroup;
			children = (
				BB8851F42986B53700ED1ED4 /* MainViewController */,
			);
			path = Controllers;
			sourceTree = "<group>";
		};
		BB8851FC2986B98500ED1ED4 /* Model */ = {
			isa = PBXGroup;
			children = (
				BB8852092986CD5D00ED1ED4 /* TrendingMoviesModel.swift */,
			);
			path = Model;
			sourceTree = "<group>";
		};
		BB8851FD2986B98E00ED1ED4 /* Classes */ = {
			isa = PBXGroup;
			children = (
				BB88520B2986EFDC00ED1ED4 /* Observable.swift */,
			);
			path = Classes;
			sourceTree = "<group>";
		};
		BB8851FE2986B99700ED1ED4 /* Resources */ = {
			isa = PBXGroup;
			children = (
				BB8851E92986B39B00ED1ED4 /* Assets.xcassets */,
			);
			path = Resources;
			sourceTree = "<group>";
		};
		BB8851FF2986B99F00ED1ED4 /* Extensions */ = {
			isa = PBXGroup;
			children = (
			);
			path = Extensions;
			sourceTree = "<group>";
		};
		BB8852002986B9A600ED1ED4 /* Networking */ = {
			isa = PBXGroup;
			children = (
				BB8852052986C82E00ED1ED4 /* NetworkConstant.swift */,
				BB8852072986CD1C00ED1ED4 /* APICaller.swift */,
			);
			path = Networking;
			sourceTree = "<group>";
		};
/* End PBXGroup section */

/* Begin PBXNativeTarget section */
		BB8851DC2986B39900ED1ED4 /* MovieMVVM */ = {
			isa = PBXNativeTarget;
			buildConfigurationList = BB8851F12986B39B00ED1ED4 /* Build configuration list for PBXNativeTarget "MovieMVVM" */;
			buildPhases = (
				BB8851D92986B39900ED1ED4 /* Sources */,
				BB8851DA2986B39900ED1ED4 /* Frameworks */,
				BB8851DB2986B39900ED1ED4 /* Resources */,
			);
			buildRules = (
			);
			dependencies = (
			);
			name = MovieMVVM;
			productName = MovieMVVM;
			productReference = BB8851DD2986B39900ED1ED4 /* MovieMVVM.app */;
			productType = "com.apple.product-type.application";
		};
/* End PBXNativeTarget section */

/* Begin PBXProject section */
		BB8851D52986B39900ED1ED4 /* Project object */ = {
			isa = PBXProject;
			attributes = {
				BuildIndependentTargetsInParallel = 1;
				LastSwiftUpdateCheck = 1420;
				LastUpgradeCheck = 1420;
				TargetAttributes = {
					BB8851DC2986B39900ED1ED4 = {
						CreatedOnToolsVersion = 14.2;
					};
				};
			};
			buildConfigurationList = BB8851D82986B39900ED1ED4 /* Build configuration list for PBXProject "MovieMVVM" */;
			compatibilityVersion = "Xcode 14.0";
			developmentRegion = en;
			hasScannedForEncodings = 0;
			knownRegions = (
				en,
				Base,
			);
			mainGroup = BB8851D42986B39900ED1ED4;
			productRefGroup = BB8851DE2986B39900ED1ED4 /* Products */;
			projectDirPath = "";
			projectRoot = "";
			targets = (
				BB8851DC2986B39900ED1ED4 /* MovieMVVM */,
			);
		};
/* End PBXProject section */

/* Begin PBXResourcesBuildPhase section */
		BB8851DB2986B39900ED1ED4 /* Resources */ = {
			isa = PBXResourcesBuildPhase;
			buildActionMask = 2147483647;
			files = (
				BB8851ED2986B39B00ED1ED4 /* LaunchScreen.storyboard in Resources */,
				BB8851F82986B55200ED1ED4 /* MainViewController.xib in Resources */,
				BB8851EA2986B39B00ED1ED4 /* Assets.xcassets in Resources */,
			);
			runOnlyForDeploymentPostprocessing = 0;
		};
/* End PBXResourcesBuildPhase section */

/* Begin PBXSourcesBuildPhase section */
		BB8851D92986B39900ED1ED4 /* Sources */ = {
			isa = PBXSourcesBuildPhase;
			buildActionMask = 2147483647;
			files = (
				BB88520C2986EFDC00ED1ED4 /* Observable.swift in Sources */,
				BB8851E12986B39900ED1ED4 /* AppDelegate.swift in Sources */,
				BB8852082986CD1C00ED1ED4 /* APICaller.swift in Sources */,
				BB8851F72986B55200ED1ED4 /* MainViewController.swift in Sources */,
				BB8852022986BF6000ED1ED4 /* MainViewModel.swift in Sources */,
				BB8852062986C82E00ED1ED4 /* NetworkConstant.swift in Sources */,
				BB8852042986BFBF00ED1ED4 /* MainViewController+TableView.swift in Sources */,
				BB88520A2986CD5D00ED1ED4 /* TrendingMoviesModel.swift in Sources */,
			);
			runOnlyForDeploymentPostprocessing = 0;
		};
/* End PBXSourcesBuildPhase section */

/* Begin PBXVariantGroup section */
		BB8851EB2986B39B00ED1ED4 /* LaunchScreen.storyboard */ = {
			isa = PBXVariantGroup;
			children = (
				BB8851EC2986B39B00ED1ED4 /* Base */,
			);
			name = LaunchScreen.storyboard;
			sourceTree = "<group>";
		};
/* End PBXVariantGroup section */

/* Begin XCBuildConfiguration section */
		BB8851EF2986B39B00ED1ED4 /* Debug */ = {
			isa = XCBuildConfiguration;
			buildSettings = {
				ALWAYS_SEARCH_USER_PATHS = NO;
				CLANG_ANALYZER_NONNULL = YES;
				CLANG_ANALYZER_NUMBER_OBJECT_CONVERSION = YES_AGGRESSIVE;
				CLANG_CXX_LANGUAGE_STANDARD = "gnu++20";
				CLANG_ENABLE_MODULES = YES;
				CLANG_ENABLE_OBJC_ARC = YES;
				CLANG_ENABLE_OBJC_WEAK = YES;
				CLANG_WARN_BLOCK_CAPTURE_AUTORELEASING = YES;
				CLANG_WARN_BOOL_CONVERSION = YES;
				CLANG_WARN_COMMA = YES;
				CLANG_WARN_CONSTANT_CONVERSION = YES;
				CLANG_WARN_DEPRECATED_OBJC_IMPLEMENTATIONS = YES;
				CLANG_WARN_DIRECT_OBJC_ISA_USAGE = YES_ERROR;
				CLANG_WARN_DOCUMENTATION_COMMENTS = YES;
				CLANG_WARN_EMPTY_BODY = YES;
				CLANG_WARN_ENUM_CONVERSION = YES;
				CLANG_WARN_INFINITE_RECURSION = YES;
				CLANG_WARN_INT_CONVERSION = YES;
				CLANG_WARN_NON_LITERAL_NULL_CONVERSION = YES;
				CLANG_WARN_OBJC_IMPLICIT_RETAIN_SELF = YES;
				CLANG_WARN_OBJC_LITERAL_CONVERSION = YES;
				CLANG_WARN_OBJC_ROOT_CLASS = YES_ERROR;
				CLANG_WARN_QUOTED_INCLUDE_IN_FRAMEWORK_HEADER = YES;
				CLANG_WARN_RANGE_LOOP_ANALYSIS = YES;
				CLANG_WARN_STRICT_PROTOTYPES = YES;
				CLANG_WARN_SUSPICIOUS_MOVE = YES;
				CLANG_WARN_UNGUARDED_AVAILABILITY = YES_AGGRESSIVE;
				CLANG_WARN_UNREACHABLE_CODE = YES;
				CLANG_WARN__DUPLICATE_METHOD_MATCH = YES;
				COPY_PHASE_STRIP = NO;
				DEBUG_INFORMATION_FORMAT = dwarf;
				ENABLE_STRICT_OBJC_MSGSEND = YES;
				ENABLE_TESTABILITY = YES;
				GCC_C_LANGUAGE_STANDARD = gnu11;
				GCC_DYNAMIC_NO_PIC = NO;
				GCC_NO_COMMON_BLOCKS = YES;
				GCC_OPTIMIZATION_LEVEL = 0;
				GCC_PREPROCESSOR_DEFINITIONS = (
					"DEBUG=1",
					"$(inherited)",
				);
				GCC_WARN_64_TO_32_BIT_CONVERSION = YES;
				GCC_WARN_ABOUT_RETURN_TYPE = YES_ERROR;
				GCC_WARN_UNDECLARED_SELECTOR = YES;
				GCC_WARN_UNINITIALIZED_AUTOS = YES_AGGRESSIVE;
				GCC_WARN_UNUSED_FUNCTION = YES;
				GCC_WARN_UNUSED_VARIABLE = YES;
				IPHONEOS_DEPLOYMENT_TARGET = 16.2;
				MTL_ENABLE_DEBUG_INFO = INCLUDE_SOURCE;
				MTL_FAST_MATH = YES;
				ONLY_ACTIVE_ARCH = YES;
				SDKROOT = iphoneos;
				SWIFT_ACTIVE_COMPILATION_CONDITIONS = DEBUG;
				SWIFT_OPTIMIZATION_LEVEL = "-Onone";
			};
			name = Debug;
		};
		BB8851F02986B39B00ED1ED4 /* Release */ = {
			isa = XCBuildConfiguration;
			buildSettings = {
				ALWAYS_SEARCH_USER_PATHS = NO;
				CLANG_ANALYZER_NONNULL = YES;
				CLANG_ANALYZER_NUMBER_OBJECT_CONVERSION = YES_AGGRESSIVE;
				CLANG_CXX_LANGUAGE_STANDARD = "gnu++20";
				CLANG_ENABLE_MODULES = YES;
				CLANG_ENABLE_OBJC_ARC = YES;
				CLANG_ENABLE_OBJC_WEAK = YES;
				CLANG_WARN_BLOCK_CAPTURE_AUTORELEASING = YES;
				CLANG_WARN_BOOL_CONVERSION = YES;
				CLANG_WARN_COMMA = YES;
				CLANG_WARN_CONSTANT_CONVERSION = YES;
				CLANG_WARN_DEPRECATED_OBJC_IMPLEMENTATIONS = YES;
				CLANG_WARN_DIRECT_OBJC_ISA_USAGE = YES_ERROR;
				CLANG_WARN_DOCUMENTATION_COMMENTS = YES;
				CLANG_WARN_EMPTY_BODY = YES;
				CLANG_WARN_ENUM_CONVERSION = YES;
				CLANG_WARN_INFINITE_RECURSION = YES;
				CLANG_WARN_INT_CONVERSION = YES;
				CLANG_WARN_NON_LITERAL_NULL_CONVERSION = YES;
				CLANG_WARN_OBJC_IMPLICIT_RETAIN_SELF = YES;
				CLANG_WARN_OBJC_LITERAL_CONVERSION = YES;
				CLANG_WARN_OBJC_ROOT_CLASS = YES_ERROR;
				CLANG_WARN_QUOTED_INCLUDE_IN_FRAMEWORK_HEADER = YES;
				CLANG_WARN_RANGE_LOOP_ANALYSIS = YES;
				CLANG_WARN_STRICT_PROTOTYPES = YES;
				CLANG_WARN_SUSPICIOUS_MOVE = YES;
				CLANG_WARN_UNGUARDED_AVAILABILITY = YES_AGGRESSIVE;
				CLANG_WARN_UNREACHABLE_CODE = YES;
				CLANG_WARN__DUPLICATE_METHOD_MATCH = YES;
				COPY_PHASE_STRIP = NO;
				DEBUG_INFORMATION_FORMAT = "dwarf-with-dsym";
				ENABLE_NS_ASSERTIONS = NO;
				ENABLE_STRICT_OBJC_MSGSEND = YES;
				GCC_C_LANGUAGE_STANDARD = gnu11;
				GCC_NO_COMMON_BLOCKS = YES;
				GCC_WARN_64_TO_32_BIT_CONVERSION = YES;
				GCC_WARN_ABOUT_RETURN_TYPE = YES_ERROR;
				GCC_WARN_UNDECLARED_SELECTOR = YES;
				GCC_WARN_UNINITIALIZED_AUTOS = YES_AGGRESSIVE;
				GCC_WARN_UNUSED_FUNCTION = YES;
				GCC_WARN_UNUSED_VARIABLE = YES;
				IPHONEOS_DEPLOYMENT_TARGET = 16.2;
				MTL_ENABLE_DEBUG_INFO = NO;
				MTL_FAST_MATH = YES;
				SDKROOT = iphoneos;
				SWIFT_COMPILATION_MODE = wholemodule;
				SWIFT_OPTIMIZATION_LEVEL = "-O";
				VALIDATE_PRODUCT = YES;
			};
			name = Release;
		};
		BB8851F22986B39B00ED1ED4 /* Debug */ = {
			isa = XCBuildConfiguration;
			buildSettings = {
				ASSETCATALOG_COMPILER_APPICON_NAME = AppIcon;
				ASSETCATALOG_COMPILER_GLOBAL_ACCENT_COLOR_NAME = AccentColor;
				CODE_SIGN_STYLE = Automatic;
				CURRENT_PROJECT_VERSION = 1;
				DEVELOPMENT_TEAM = 7WTYA7M3KW;
				GENERATE_INFOPLIST_FILE = YES;
				INFOPLIST_FILE = MovieMVVM/Info.plist;
				INFOPLIST_KEY_UIApplicationSupportsIndirectInputEvents = YES;
				INFOPLIST_KEY_UILaunchStoryboardName = LaunchScreen;
				INFOPLIST_KEY_UIMainStoryboardFile = "";
				INFOPLIST_KEY_UIStatusBarStyle = "";
				INFOPLIST_KEY_UISupportedInterfaceOrientations = UIInterfaceOrientationPortrait;
				INFOPLIST_KEY_UISupportedInterfaceOrientations_iPad = "UIInterfaceOrientationLandscapeLeft UIInterfaceOrientationLandscapeRight UIInterfaceOrientationPortraitUpsideDown";
				IPHONEOS_DEPLOYMENT_TARGET = 13.0;
				LD_RUNPATH_SEARCH_PATHS = (
					"$(inherited)",
					"@executable_path/Frameworks",
				);
				MARKETING_VERSION = 1.0.1;
				PRODUCT_BUNDLE_IDENTIFIER = com.yusufcanbircan.MovieMVVM;
				PRODUCT_NAME = "$(TARGET_NAME)";
				SUPPORTED_PLATFORMS = "iphoneos iphonesimulator";
				SUPPORTS_MACCATALYST = NO;
				SUPPORTS_MAC_DESIGNED_FOR_IPHONE_IPAD = NO;
				SWIFT_EMIT_LOC_STRINGS = YES;
				SWIFT_VERSION = 5.0;
				TARGETED_DEVICE_FAMILY = 1;
			};
			name = Debug;
		};
		BB8851F32986B39B00ED1ED4 /* Release */ = {
			isa = XCBuildConfiguration;
			buildSettings = {
				ASSETCATALOG_COMPILER_APPICON_NAME = AppIcon;
				ASSETCATALOG_COMPILER_GLOBAL_ACCENT_COLOR_NAME = AccentColor;
				CODE_SIGN_STYLE = Automatic;
				CURRENT_PROJECT_VERSION = 1;
				DEVELOPMENT_TEAM = 7WTYA7M3KW;
				GENERATE_INFOPLIST_FILE = YES;
				INFOPLIST_FILE = MovieMVVM/Info.plist;
				INFOPLIST_KEY_UIApplicationSupportsIndirectInputEvents = YES;
				INFOPLIST_KEY_UILaunchStoryboardName = LaunchScreen;
				INFOPLIST_KEY_UIMainStoryboardFile = "";
				INFOPLIST_KEY_UIStatusBarStyle = "";
				INFOPLIST_KEY_UISupportedInterfaceOrientations = UIInterfaceOrientationPortrait;
				INFOPLIST_KEY_UISupportedInterfaceOrientations_iPad = "UIInterfaceOrientationLandscapeLeft UIInterfaceOrientationLandscapeRight UIInterfaceOrientationPortraitUpsideDown";
				IPHONEOS_DEPLOYMENT_TARGET = 13.0;
				LD_RUNPATH_SEARCH_PATHS = (
					"$(inherited)",
					"@executable_path/Frameworks",
				);
				MARKETING_VERSION = 1.0.1;
				PRODUCT_BUNDLE_IDENTIFIER = com.yusufcanbircan.MovieMVVM;
				PRODUCT_NAME = "$(TARGET_NAME)";
				SUPPORTED_PLATFORMS = "iphoneos iphonesimulator";
				SUPPORTS_MACCATALYST = NO;
				SUPPORTS_MAC_DESIGNED_FOR_IPHONE_IPAD = NO;
				SWIFT_EMIT_LOC_STRINGS = YES;
				SWIFT_VERSION = 5.0;
				TARGETED_DEVICE_FAMILY = 1;
			};
			name = Release;
		};
/* End XCBuildConfiguration section */

/* Begin XCConfigurationList section */
		BB8851D82986B39900ED1ED4 /* Build configuration list for PBXProject "MovieMVVM" */ = {
			isa = XCConfigurationList;
			buildConfigurations = (
				BB8851EF2986B39B00ED1ED4 /* Debug */,
				BB8851F02986B39B00ED1ED4 /* Release */,
			);
			defaultConfigurationIsVisible = 0;
			defaultConfigurationName = Release;
		};
		BB8851F12986B39B00ED1ED4 /* Build configuration list for PBXNativeTarget "MovieMVVM" */ = {
			isa = XCConfigurationList;
			buildConfigurations = (
				BB8851F22986B39B00ED1ED4 /* Debug */,
				BB8851F32986B39B00ED1ED4 /* Release */,
			);
			defaultConfigurationIsVisible = 0;
			defaultConfigurationName = Release;
		};
/* End XCConfigurationList section */
	};
	rootObject = BB8851D52986B39900ED1ED4 /* Project object */;
}
